
Microsoft Visual Studio Solution File, Format Version 12.00
# Visual Studio Version 16
VisualStudioVersion = 16.0.30114.105
MinimumVisualStudioVersion = 10.0.40219.1
Project("{FAE04EC0-301F-11D3-BF4B-00C04F79EFBC}") = "MJE.Advent.CalorieCounting.Tests.Unit", "MJE.Advent.CalorieCounting.Tests.Unit\MJE.Advent.CalorieCounting.Tests.Unit.csproj", "{46733481-BCB9-46EF-B94C-47DB65F910B1}"
EndProject
Global
	GlobalSection(SolutionConfigurationPlatforms) = preSolution
		Debug|Any CPU = Debug|Any CPU
		Release|Any CPU = Release|Any CPU
	EndGlobalSection
	GlobalSection(SolutionProperties) = preSolution
		HideSolutionNode = FALSE
	EndGlobalSection
	GlobalSection(ProjectConfigurationPlatforms) = postSolution
		{46733481-BCB9-46EF-B94C-47DB65F910B1}.Debug|Any CPU.ActiveCfg = Debug|Any CPU
		{46733481-BCB9-46EF-B94C-47DB65F910B1}.Debug|Any CPU.Build.0 = Debug|Any CPU
		{46733481-BCB9-46EF-B94C-47DB65F910B1}.Release|Any CPU.ActiveCfg = Release|Any CPU
		{46733481-BCB9-46EF-B94C-47DB65F910B1}.Release|Any CPU.Build.0 = Release|Any CPU
	EndGlobalSection
EndGlobal
